
Microsoft Visual Studio Solution File, Format Version 12.00
# Visual Studio Version 17
VisualStudioVersion = 17.10.34928.147
MinimumVisualStudioVersion = 10.0.40219.1
Project("{FAE04EC0-301F-11D3-BF4B-00C04F79EFBC}") = "MauiDemoDataBinding", "MauiDemoDataBinding\MauiDemoDataBinding.csproj", "{623B9E60-9676-4C49-B204-71809CC4695B}"
EndProject
Global
	GlobalSection(SolutionConfigurationPlatforms) = preSolution
		Debug|Any CPU = Debug|Any CPU
		Release|Any CPU = Release|Any CPU
	EndGlobalSection
	GlobalSection(ProjectConfigurationPlatforms) = postSolution
		{623B9E60-9676-4C49-B204-71809CC4695B}.Debug|Any CPU.ActiveCfg = Debug|Any CPU
		{623B9E60-9676-4C49-B204-71809CC4695B}.Debug|Any CPU.Build.0 = Debug|Any CPU
		{623B9E60-9676-4C49-B204-71809CC4695B}.Debug|Any CPU.Deploy.0 = Debug|Any CPU
		{623B9E60-9676-4C49-B204-71809CC4695B}.Release|Any CPU.ActiveCfg = Release|Any CPU
		{623B9E60-9676-4C49-B204-71809CC4695B}.Release|Any CPU.Build.0 = Release|Any CPU
		{623B9E60-9676-4C49-B204-71809CC4695B}.Release|Any CPU.Deploy.0 = Release|Any CPU
	EndGlobalSection
	GlobalSection(SolutionProperties) = preSolution
		HideSolutionNode = FALSE
	EndGlobalSection
	GlobalSection(ExtensibilityGlobals) = postSolution
		SolutionGuid = {62F9CBD9-84D6-4B3F-B252-67D106E4C92B}
	EndGlobalSection
EndGlobal
